
Microsoft Visual Studio Solution File, Format Version 12.00
# Visual Studio 15
VisualStudioVersion = 15.0.27004.2006
MinimumVisualStudioVersion = 10.0.40219.1
Project("{9A19103F-16F7-4668-BE54-9A1E7A4F7556}") = "AutomobileWebService", "AutomobileWebService\AutomobileWebService.csproj", "{FD8E76E5-B734-46C3-82AA-D8191426530E}"
EndProject
Project("{FAE04EC0-301F-11D3-BF4B-00C04F79EFBC}") = "AutomobileWebService.Test", "AutomobileWebService.Test\AutomobileWebService.Test.csproj", "{6E71A189-4A6C-4026-8F2B-8BA7EF5B8D4C}"
EndProject
Global
	GlobalSection(SolutionConfigurationPlatforms) = preSolution
		Debug|Any CPU = Debug|Any CPU
		Release|Any CPU = Release|Any CPU
	EndGlobalSection
	GlobalSection(ProjectConfigurationPlatforms) = postSolution
		{FD8E76E5-B734-46C3-82AA-D8191426530E}.Debug|Any CPU.ActiveCfg = Debug|Any CPU
		{FD8E76E5-B734-46C3-82AA-D8191426530E}.Debug|Any CPU.Build.0 = Debug|Any CPU
		{FD8E76E5-B734-46C3-82AA-D8191426530E}.Release|Any CPU.ActiveCfg = Release|Any CPU
		{FD8E76E5-B734-46C3-82AA-D8191426530E}.Release|Any CPU.Build.0 = Release|Any CPU
		{6E71A189-4A6C-4026-8F2B-8BA7EF5B8D4C}.Debug|Any CPU.ActiveCfg = Debug|Any CPU
		{6E71A189-4A6C-4026-8F2B-8BA7EF5B8D4C}.Debug|Any CPU.Build.0 = Debug|Any CPU
		{6E71A189-4A6C-4026-8F2B-8BA7EF5B8D4C}.Release|Any CPU.ActiveCfg = Release|Any CPU
		{6E71A189-4A6C-4026-8F2B-8BA7EF5B8D4C}.Release|Any CPU.Build.0 = Release|Any CPU
	EndGlobalSection
	GlobalSection(SolutionProperties) = preSolution
		HideSolutionNode = FALSE
	EndGlobalSection
	GlobalSection(ExtensibilityGlobals) = postSolution
		SolutionGuid = {0A56609C-CE9A-4125-90E4-A221A82FC287}
	EndGlobalSection
EndGlobal
